
Microsoft Visual Studio Solution File, Format Version 12.00
# Visual Studio Version 17
VisualStudioVersion = 17.5.33530.505
MinimumVisualStudioVersion = 10.0.40219.1
Project("{FAE04EC0-301F-11D3-BF4B-00C04F79EFBC}") = "DemoCurdWithMVC", "DemoCurdWithMVC\DemoCurdWithMVC.csproj", "{AC6EFFBC-1DF9-4467-A923-5B35CC8A473E}"
EndProject
Global
	GlobalSection(SolutionConfigurationPlatforms) = preSolution
		Debug|Any CPU = Debug|Any CPU
		Release|Any CPU = Release|Any CPU
	EndGlobalSection
	GlobalSection(ProjectConfigurationPlatforms) = postSolution
		{AC6EFFBC-1DF9-4467-A923-5B35CC8A473E}.Debug|Any CPU.ActiveCfg = Debug|Any CPU
		{AC6EFFBC-1DF9-4467-A923-5B35CC8A473E}.Debug|Any CPU.Build.0 = Debug|Any CPU
		{AC6EFFBC-1DF9-4467-A923-5B35CC8A473E}.Release|Any CPU.ActiveCfg = Release|Any CPU
		{AC6EFFBC-1DF9-4467-A923-5B35CC8A473E}.Release|Any CPU.Build.0 = Release|Any CPU
	EndGlobalSection
	GlobalSection(SolutionProperties) = preSolution
		HideSolutionNode = FALSE
	EndGlobalSection
	GlobalSection(ExtensibilityGlobals) = postSolution
		SolutionGuid = {CD361836-59EB-4208-B79D-7060D9F959F2}
	EndGlobalSection
EndGlobal
